
Microsoft Visual Studio Solution File, Format Version 12.00
# Visual Studio Version 17
VisualStudioVersion = 17.5.33516.290
MinimumVisualStudioVersion = 10.0.40219.1
Project("{9A19103F-16F7-4668-BE54-9A1E7A4F7556}") = "NetCoreApiVersioning.API", "NetCoreApiVersioning.API\NetCoreApiVersioning.API.csproj", "{CF3282B3-404F-41C4-8089-5438163F1526}"
EndProject
Global
	GlobalSection(SolutionConfigurationPlatforms) = preSolution
		Debug|Any CPU = Debug|Any CPU
		Release|Any CPU = Release|Any CPU
	EndGlobalSection
	GlobalSection(ProjectConfigurationPlatforms) = postSolution
		{CF3282B3-404F-41C4-8089-5438163F1526}.Debug|Any CPU.ActiveCfg = Debug|Any CPU
		{CF3282B3-404F-41C4-8089-5438163F1526}.Debug|Any CPU.Build.0 = Debug|Any CPU
		{CF3282B3-404F-41C4-8089-5438163F1526}.Release|Any CPU.ActiveCfg = Release|Any CPU
		{CF3282B3-404F-41C4-8089-5438163F1526}.Release|Any CPU.Build.0 = Release|Any CPU
	EndGlobalSection
	GlobalSection(SolutionProperties) = preSolution
		HideSolutionNode = FALSE
	EndGlobalSection
	GlobalSection(ExtensibilityGlobals) = postSolution
		SolutionGuid = {4556CA24-A383-4729-A5E0-39781046E31E}
	EndGlobalSection
EndGlobal
